// !$*UTF8*$!
{
	archiveVersion = 1;
	classes = {
	};
	objectVersion = 56;
	objects = {

/* Begin PBXBuildFile section */
		1C3946892AAD7F460059496B /* GHFEmptyStateView.swift in Sources */ = {isa = PBXBuildFile; fileRef = 1C3946882AAD7F460059496B /* GHFEmptyStateView.swift */; };
		1C7B718C2A8A91B70038DB15 /* AppDelegate.swift in Sources */ = {isa = PBXBuildFile; fileRef = 1C7B718B2A8A91B70038DB15 /* AppDelegate.swift */; };
		1C7B718E2A8A91B70038DB15 /* SceneDelegate.swift in Sources */ = {isa = PBXBuildFile; fileRef = 1C7B718D2A8A91B70038DB15 /* SceneDelegate.swift */; };
		1C7B71902A8A91B70038DB15 /* ViewController.swift in Sources */ = {isa = PBXBuildFile; fileRef = 1C7B718F2A8A91B70038DB15 /* ViewController.swift */; };
		1C7B71952A8A91B80038DB15 /* Assets.xcassets in Resources */ = {isa = PBXBuildFile; fileRef = 1C7B71942A8A91B80038DB15 /* Assets.xcassets */; };
		1C7B71982A8A91B80038DB15 /* LaunchScreen.storyboard in Resources */ = {isa = PBXBuildFile; fileRef = 1C7B71962A8A91B80038DB15 /* LaunchScreen.storyboard */; };
		1C7B71A02A8AC6270038DB15 /* SearchVC.swift in Sources */ = {isa = PBXBuildFile; fileRef = 1C7B719F2A8AC6270038DB15 /* SearchVC.swift */; };
		1C7B71A22A8AC6880038DB15 /* FavoritesListVC.swift in Sources */ = {isa = PBXBuildFile; fileRef = 1C7B71A12A8AC6880038DB15 /* FavoritesListVC.swift */; };
		1CA4FC782A8C8A8E005267DF /* GHFButton.swift in Sources */ = {isa = PBXBuildFile; fileRef = 1CA4FC772A8C8A8E005267DF /* GHFButton.swift */; };
		1CA4FC7A2A8C8DD0005267DF /* GHFTextField.swift in Sources */ = {isa = PBXBuildFile; fileRef = 1CA4FC792A8C8DD0005267DF /* GHFTextField.swift */; };
		1CA4FC7C2A8DD5AC005267DF /* FollowersListVC.swift in Sources */ = {isa = PBXBuildFile; fileRef = 1CA4FC7B2A8DD5AC005267DF /* FollowersListVC.swift */; };
		1CA4FC7E2A8EAB66005267DF /* GHFTitleLabel.swift in Sources */ = {isa = PBXBuildFile; fileRef = 1CA4FC7D2A8EAB66005267DF /* GHFTitleLabel.swift */; };
		1CA4FC802A9F8B74005267DF /* GHFBodyLabel.swift in Sources */ = {isa = PBXBuildFile; fileRef = 1CA4FC7F2A9F8B74005267DF /* GHFBodyLabel.swift */; };
		1CA4FC822A9F8F68005267DF /* GHFAlertVC.swift in Sources */ = {isa = PBXBuildFile; fileRef = 1CA4FC812A9F8F68005267DF /* GHFAlertVC.swift */; };
		1CA4FC842AA169B3005267DF /* UIViewController+Ext.swift in Sources */ = {isa = PBXBuildFile; fileRef = 1CA4FC832AA169B3005267DF /* UIViewController+Ext.swift */; };
		1CA4FC8A2AA1AABD005267DF /* Follower.swift in Sources */ = {isa = PBXBuildFile; fileRef = 1CA4FC892AA1AABD005267DF /* Follower.swift */; };
		1CA4FC8C2AA1ABB4005267DF /* User.swift in Sources */ = {isa = PBXBuildFile; fileRef = 1CA4FC8B2AA1ABB4005267DF /* User.swift */; };
		1CA4FC8F2AA27546005267DF /* NetworkManager.swift in Sources */ = {isa = PBXBuildFile; fileRef = 1CA4FC8E2AA27546005267DF /* NetworkManager.swift */; };
		1CA4FC952AA307E1005267DF /* FollowerCell.swift in Sources */ = {isa = PBXBuildFile; fileRef = 1CA4FC942AA307E1005267DF /* FollowerCell.swift */; };
		1CA4FC972AA3087E005267DF /* GFHAvatarImageView.swift in Sources */ = {isa = PBXBuildFile; fileRef = 1CA4FC962AA3087E005267DF /* GFHAvatarImageView.swift */; };
		1CD61E6C2AB26CC2000012DF /* UserInfoVC.swift in Sources */ = {isa = PBXBuildFile; fileRef = 1CD61E6B2AB26CC2000012DF /* UserInfoVC.swift */; };
		1CD61E6E2AB4C7D3000012DF /* GHFError.swift in Sources */ = {isa = PBXBuildFile; fileRef = 1CD61E6D2AB4C7D3000012DF /* GHFError.swift */; };
		1CD61E702AB5332C000012DF /* GHFUserInfoHeaderVC.swift in Sources */ = {isa = PBXBuildFile; fileRef = 1CD61E6F2AB5332C000012DF /* GHFUserInfoHeaderVC.swift */; };
		1CD61E722AB533C3000012DF /* GHFSecondaryTitleLabel.swift in Sources */ = {isa = PBXBuildFile; fileRef = 1CD61E712AB533C3000012DF /* GHFSecondaryTitleLabel.swift */; };
		1CD61E752AB6B047000012DF /* Constants.swift in Sources */ = {isa = PBXBuildFile; fileRef = 1CD61E742AB6B047000012DF /* Constants.swift */; };
/* End PBXBuildFile section */

/* Begin PBXFileReference section */
		1C3946882AAD7F460059496B /* GHFEmptyStateView.swift */ = {isa = PBXFileReference; lastKnownFileType = sourcecode.swift; path = GHFEmptyStateView.swift; sourceTree = "<group>"; };
		1C7B71882A8A91B70038DB15 /* GithubFollowers.app */ = {isa = PBXFileReference; explicitFileType = wrapper.application; includeInIndex = 0; path = GithubFollowers.app; sourceTree = BUILT_PRODUCTS_DIR; };
		1C7B718B2A8A91B70038DB15 /* AppDelegate.swift */ = {isa = PBXFileReference; lastKnownFileType = sourcecode.swift; path = AppDelegate.swift; sourceTree = "<group>"; };
		1C7B718D2A8A91B70038DB15 /* SceneDelegate.swift */ = {isa = PBXFileReference; lastKnownFileType = sourcecode.swift; path = SceneDelegate.swift; sourceTree = "<group>"; };
		1C7B718F2A8A91B70038DB15 /* ViewController.swift */ = {isa = PBXFileReference; lastKnownFileType = sourcecode.swift; path = ViewController.swift; sourceTree = "<group>"; };
		1C7B71942A8A91B80038DB15 /* Assets.xcassets */ = {isa = PBXFileReference; lastKnownFileType = folder.assetcatalog; path = Assets.xcassets; sourceTree = "<group>"; };
		1C7B71972A8A91B80038DB15 /* Base */ = {isa = PBXFileReference; lastKnownFileType = file.storyboard; name = Base; path = Base.lproj/LaunchScreen.storyboard; sourceTree = "<group>"; };
		1C7B71992A8A91B80038DB15 /* Info.plist */ = {isa = PBXFileReference; lastKnownFileType = text.plist.xml; path = Info.plist; sourceTree = "<group>"; };
		1C7B719F2A8AC6270038DB15 /* SearchVC.swift */ = {isa = PBXFileReference; lastKnownFileType = sourcecode.swift; path = SearchVC.swift; sourceTree = "<group>"; };
		1C7B71A12A8AC6880038DB15 /* FavoritesListVC.swift */ = {isa = PBXFileReference; lastKnownFileType = sourcecode.swift; path = FavoritesListVC.swift; sourceTree = "<group>"; };
		1CA4FC772A8C8A8E005267DF /* GHFButton.swift */ = {isa = PBXFileReference; lastKnownFileType = sourcecode.swift; path = GHFButton.swift; sourceTree = "<group>"; };
		1CA4FC792A8C8DD0005267DF /* GHFTextField.swift */ = {isa = PBXFileReference; lastKnownFileType = sourcecode.swift; path = GHFTextField.swift; sourceTree = "<group>"; };
		1CA4FC7B2A8DD5AC005267DF /* FollowersListVC.swift */ = {isa = PBXFileReference; lastKnownFileType = sourcecode.swift; path = FollowersListVC.swift; sourceTree = "<group>"; };
		1CA4FC7D2A8EAB66005267DF /* GHFTitleLabel.swift */ = {isa = PBXFileReference; lastKnownFileType = sourcecode.swift; path = GHFTitleLabel.swift; sourceTree = "<group>"; };
		1CA4FC7F2A9F8B74005267DF /* GHFBodyLabel.swift */ = {isa = PBXFileReference; lastKnownFileType = sourcecode.swift; path = GHFBodyLabel.swift; sourceTree = "<group>"; };
		1CA4FC812A9F8F68005267DF /* GHFAlertVC.swift */ = {isa = PBXFileReference; lastKnownFileType = sourcecode.swift; path = GHFAlertVC.swift; sourceTree = "<group>"; };
		1CA4FC832AA169B3005267DF /* UIViewController+Ext.swift */ = {isa = PBXFileReference; lastKnownFileType = sourcecode.swift; path = "UIViewController+Ext.swift"; sourceTree = "<group>"; };
		1CA4FC892AA1AABD005267DF /* Follower.swift */ = {isa = PBXFileReference; lastKnownFileType = sourcecode.swift; path = Follower.swift; sourceTree = "<group>"; };
		1CA4FC8B2AA1ABB4005267DF /* User.swift */ = {isa = PBXFileReference; lastKnownFileType = sourcecode.swift; path = User.swift; sourceTree = "<group>"; };
		1CA4FC8E2AA27546005267DF /* NetworkManager.swift */ = {isa = PBXFileReference; lastKnownFileType = sourcecode.swift; path = NetworkManager.swift; sourceTree = "<group>"; };
		1CA4FC942AA307E1005267DF /* FollowerCell.swift */ = {isa = PBXFileReference; lastKnownFileType = sourcecode.swift; path = FollowerCell.swift; sourceTree = "<group>"; };
		1CA4FC962AA3087E005267DF /* GFHAvatarImageView.swift */ = {isa = PBXFileReference; lastKnownFileType = sourcecode.swift; path = GFHAvatarImageView.swift; sourceTree = "<group>"; };
		1CD61E6B2AB26CC2000012DF /* UserInfoVC.swift */ = {isa = PBXFileReference; lastKnownFileType = sourcecode.swift; path = UserInfoVC.swift; sourceTree = "<group>"; };
		1CD61E6D2AB4C7D3000012DF /* GHFError.swift */ = {isa = PBXFileReference; lastKnownFileType = sourcecode.swift; path = GHFError.swift; sourceTree = "<group>"; };
		1CD61E6F2AB5332C000012DF /* GHFUserInfoHeaderVC.swift */ = {isa = PBXFileReference; lastKnownFileType = sourcecode.swift; path = GHFUserInfoHeaderVC.swift; sourceTree = "<group>"; };
		1CD61E712AB533C3000012DF /* GHFSecondaryTitleLabel.swift */ = {isa = PBXFileReference; lastKnownFileType = sourcecode.swift; path = GHFSecondaryTitleLabel.swift; sourceTree = "<group>"; };
		1CD61E742AB6B047000012DF /* Constants.swift */ = {isa = PBXFileReference; lastKnownFileType = sourcecode.swift; path = Constants.swift; sourceTree = "<group>"; };
/* End PBXFileReference section */

/* Begin PBXFrameworksBuildPhase section */
		1C7B71852A8A91B70038DB15 /* Frameworks */ = {
			isa = PBXFrameworksBuildPhase;
			buildActionMask = 2147483647;
			files = (
			);
			runOnlyForDeploymentPostprocessing = 0;
		};
/* End PBXFrameworksBuildPhase section */

/* Begin PBXGroup section */
		1C3946822AAD7E8B0059496B /* Views */ = {
			isa = PBXGroup;
			children = (
				1C3946882AAD7F460059496B /* GHFEmptyStateView.swift */,
			);
			path = Views;
			sourceTree = "<group>";
		};
		1C3946832AAD7E990059496B /* Buttons */ = {
			isa = PBXGroup;
			children = (
				1CA4FC772A8C8A8E005267DF /* GHFButton.swift */,
			);
			path = Buttons;
			sourceTree = "<group>";
		};
		1C3946842AAD7EA00059496B /* TextFields */ = {
			isa = PBXGroup;
			children = (
				1CA4FC792A8C8DD0005267DF /* GHFTextField.swift */,
			);
			path = TextFields;
			sourceTree = "<group>";
		};
		1C3946852AAD7EB60059496B /* ViewController */ = {
			isa = PBXGroup;
			children = (
				1CD61E6F2AB5332C000012DF /* GHFUserInfoHeaderVC.swift */,
			);
			path = ViewController;
			sourceTree = "<group>";
		};
		1C3946872AAD7EFB0059496B /* Lables */ = {
			isa = PBXGroup;
			children = (
				1CA4FC7D2A8EAB66005267DF /* GHFTitleLabel.swift */,
				1CA4FC7F2A9F8B74005267DF /* GHFBodyLabel.swift */,
				1CD61E712AB533C3000012DF /* GHFSecondaryTitleLabel.swift */,
			);
			path = Lables;
			sourceTree = "<group>";
		};
		1C7B717F2A8A91B70038DB15 = {
			isa = PBXGroup;
			children = (
				1C7B718A2A8A91B70038DB15 /* GithubFollowers */,
				1C7B71892A8A91B70038DB15 /* Products */,
			);
			sourceTree = "<group>";
		};
		1C7B71892A8A91B70038DB15 /* Products */ = {
			isa = PBXGroup;
			children = (
				1C7B71882A8A91B70038DB15 /* GithubFollowers.app */,
			);
			name = Products;
			sourceTree = "<group>";
		};
		1C7B718A2A8A91B70038DB15 /* GithubFollowers */ = {
			isa = PBXGroup;
			children = (
				1CA4FC882AA1AAAA005267DF /* Model */,
				1CA4FC862AA1A59E005267DF /* Custom Views */,
				1CA4FC852AA1A550005267DF /* Screens (Controllers) */,
				1CA4FC902AA29B36005267DF /* Utilities */,
				1CA4FC8D2AA2752E005267DF /* Managers */,
				1CA4FC872AA1A5CA005267DF /* Extensions */,
				1C7B718B2A8A91B70038DB15 /* AppDelegate.swift */,
				1C7B718D2A8A91B70038DB15 /* SceneDelegate.swift */,
				1C7B718F2A8A91B70038DB15 /* ViewController.swift */,
				1C7B71942A8A91B80038DB15 /* Assets.xcassets */,
				1C7B71962A8A91B80038DB15 /* LaunchScreen.storyboard */,
				1C7B71992A8A91B80038DB15 /* Info.plist */,
			);
			path = GithubFollowers;
			sourceTree = "<group>";
		};
		1CA4FC852AA1A550005267DF /* Screens (Controllers) */ = {
			isa = PBXGroup;
			children = (
				1C7B719F2A8AC6270038DB15 /* SearchVC.swift */,
				1CA4FC7B2A8DD5AC005267DF /* FollowersListVC.swift */,
				1C7B71A12A8AC6880038DB15 /* FavoritesListVC.swift */,
				1CD61E6B2AB26CC2000012DF /* UserInfoVC.swift */,
			);
			path = "Screens (Controllers)";
			sourceTree = "<group>";
		};
		1CA4FC862AA1A59E005267DF /* Custom Views */ = {
			isa = PBXGroup;
			children = (
				1C3946852AAD7EB60059496B /* ViewController */,
				1C3946842AAD7EA00059496B /* TextFields */,
				1C3946832AAD7E990059496B /* Buttons */,
				1C3946822AAD7E8B0059496B /* Views */,
				1CA4FC932AA307BE005267DF /* Cells */,
				1CA4FC812A9F8F68005267DF /* GHFAlertVC.swift */,
				1C3946872AAD7EFB0059496B /* Lables */,
				1CA4FC962AA3087E005267DF /* GFHAvatarImageView.swift */,
			);
			path = "Custom Views";
			sourceTree = "<group>";
		};
		1CA4FC872AA1A5CA005267DF /* Extensions */ = {
			isa = PBXGroup;
			children = (
				1CA4FC832AA169B3005267DF /* UIViewController+Ext.swift */,
			);
			path = Extensions;
			sourceTree = "<group>";
		};
		1CA4FC882AA1AAAA005267DF /* Model */ = {
			isa = PBXGroup;
			children = (
				1CA4FC892AA1AABD005267DF /* Follower.swift */,
				1CA4FC8B2AA1ABB4005267DF /* User.swift */,
			);
			path = Model;
			sourceTree = "<group>";
		};
		1CA4FC8D2AA2752E005267DF /* Managers */ = {
			isa = PBXGroup;
			children = (
				1CA4FC8E2AA27546005267DF /* NetworkManager.swift */,
			);
			path = Managers;
			sourceTree = "<group>";
		};
		1CA4FC902AA29B36005267DF /* Utilities */ = {
			isa = PBXGroup;
			children = (
				1CD61E6D2AB4C7D3000012DF /* GHFError.swift */,
				1CD61E742AB6B047000012DF /* Constants.swift */,
			);
			path = Utilities;
			sourceTree = "<group>";
		};
		1CA4FC932AA307BE005267DF /* Cells */ = {
			isa = PBXGroup;
			children = (
				1CA4FC942AA307E1005267DF /* FollowerCell.swift */,
			);
			path = Cells;
			sourceTree = "<group>";
		};
/* End PBXGroup section */

/* Begin PBXNativeTarget section */
		1C7B71872A8A91B70038DB15 /* GithubFollowers */ = {
			isa = PBXNativeTarget;
			buildConfigurationList = 1C7B719C2A8A91B80038DB15 /* Build configuration list for PBXNativeTarget "GithubFollowers" */;
			buildPhases = (
				1C7B71842A8A91B70038DB15 /* Sources */,
				1C7B71852A8A91B70038DB15 /* Frameworks */,
				1C7B71862A8A91B70038DB15 /* Resources */,
			);
			buildRules = (
			);
			dependencies = (
			);
			name = GithubFollowers;
			productName = GithubFollowers;
			productReference = 1C7B71882A8A91B70038DB15 /* GithubFollowers.app */;
			productType = "com.apple.product-type.application";
		};
/* End PBXNativeTarget section */

/* Begin PBXProject section */
		1C7B71802A8A91B70038DB15 /* Project object */ = {
			isa = PBXProject;
			attributes = {
				BuildIndependentTargetsInParallel = 1;
				LastSwiftUpdateCheck = 1430;
				LastUpgradeCheck = 1430;
				TargetAttributes = {
					1C7B71872A8A91B70038DB15 = {
						CreatedOnToolsVersion = 14.3.1;
					};
				};
			};
			buildConfigurationList = 1C7B71832A8A91B70038DB15 /* Build configuration list for PBXProject "GithubFollowers" */;
			compatibilityVersion = "Xcode 14.0";
			developmentRegion = en;
			hasScannedForEncodings = 0;
			knownRegions = (
				en,
				Base,
			);
			mainGroup = 1C7B717F2A8A91B70038DB15;
			productRefGroup = 1C7B71892A8A91B70038DB15 /* Products */;
			projectDirPath = "";
			projectRoot = "";
			targets = (
				1C7B71872A8A91B70038DB15 /* GithubFollowers */,
			);
		};
/* End PBXProject section */

/* Begin PBXResourcesBuildPhase section */
		1C7B71862A8A91B70038DB15 /* Resources */ = {
			isa = PBXResourcesBuildPhase;
			buildActionMask = 2147483647;
			files = (
				1C7B71982A8A91B80038DB15 /* LaunchScreen.storyboard in Resources */,
				1C7B71952A8A91B80038DB15 /* Assets.xcassets in Resources */,
			);
			runOnlyForDeploymentPostprocessing = 0;
		};
/* End PBXResourcesBuildPhase section */

/* Begin PBXSourcesBuildPhase section */
		1C7B71842A8A91B70038DB15 /* Sources */ = {
			isa = PBXSourcesBuildPhase;
			buildActionMask = 2147483647;
			files = (
				1C7B71A02A8AC6270038DB15 /* SearchVC.swift in Sources */,
				1CA4FC822A9F8F68005267DF /* GHFAlertVC.swift in Sources */,
				1CA4FC842AA169B3005267DF /* UIViewController+Ext.swift in Sources */,
				1CA4FC7E2A8EAB66005267DF /* GHFTitleLabel.swift in Sources */,
				1CD61E6E2AB4C7D3000012DF /* GHFError.swift in Sources */,
				1CA4FC802A9F8B74005267DF /* GHFBodyLabel.swift in Sources */,
				1CD61E752AB6B047000012DF /* Constants.swift in Sources */,
				1C7B71902A8A91B70038DB15 /* ViewController.swift in Sources */,
				1CA4FC8C2AA1ABB4005267DF /* User.swift in Sources */,
				1CA4FC972AA3087E005267DF /* GFHAvatarImageView.swift in Sources */,
				1CA4FC952AA307E1005267DF /* FollowerCell.swift in Sources */,
				1CA4FC7C2A8DD5AC005267DF /* FollowersListVC.swift in Sources */,
				1CA4FC8A2AA1AABD005267DF /* Follower.swift in Sources */,
				1C3946892AAD7F460059496B /* GHFEmptyStateView.swift in Sources */,
				1C7B71A22A8AC6880038DB15 /* FavoritesListVC.swift in Sources */,
				1CA4FC782A8C8A8E005267DF /* GHFButton.swift in Sources */,
				1C7B718C2A8A91B70038DB15 /* AppDelegate.swift in Sources */,
				1CA4FC8F2AA27546005267DF /* NetworkManager.swift in Sources */,
				1CA4FC7A2A8C8DD0005267DF /* GHFTextField.swift in Sources */,
				1CD61E722AB533C3000012DF /* GHFSecondaryTitleLabel.swift in Sources */,
				1CD61E702AB5332C000012DF /* GHFUserInfoHeaderVC.swift in Sources */,
				1C7B718E2A8A91B70038DB15 /* SceneDelegate.swift in Sources */,
				1CD61E6C2AB26CC2000012DF /* UserInfoVC.swift in Sources */,
			);
			runOnlyForDeploymentPostprocessing = 0;
		};
/* End PBXSourcesBuildPhase section */

/* Begin PBXVariantGroup section */
		1C7B71962A8A91B80038DB15 /* LaunchScreen.storyboard */ = {
			isa = PBXVariantGroup;
			children = (
				1C7B71972A8A91B80038DB15 /* Base */,
			);
			name = LaunchScreen.storyboard;
			sourceTree = "<group>";
		};
/* End PBXVariantGroup section */

/* Begin XCBuildConfiguration section */
		1C7B719A2A8A91B80038DB15 /* Debug */ = {
			isa = XCBuildConfiguration;
			buildSettings = {
				ALWAYS_SEARCH_USER_PATHS = NO;
				CLANG_ANALYZER_NONNULL = YES;
				CLANG_ANALYZER_NUMBER_OBJECT_CONVERSION = YES_AGGRESSIVE;
				CLANG_CXX_LANGUAGE_STANDARD = "gnu++20";
				CLANG_ENABLE_MODULES = YES;
				CLANG_ENABLE_OBJC_ARC = YES;
				CLANG_ENABLE_OBJC_WEAK = YES;
				CLANG_WARN_BLOCK_CAPTURE_AUTORELEASING = YES;
				CLANG_WARN_BOOL_CONVERSION = YES;
				CLANG_WARN_COMMA = YES;
				CLANG_WARN_CONSTANT_CONVERSION = YES;
				CLANG_WARN_DEPRECATED_OBJC_IMPLEMENTATIONS = YES;
				CLANG_WARN_DIRECT_OBJC_ISA_USAGE = YES_ERROR;
				CLANG_WARN_DOCUMENTATION_COMMENTS = YES;
				CLANG_WARN_EMPTY_BODY = YES;
				CLANG_WARN_ENUM_CONVERSION = YES;
				CLANG_WARN_INFINITE_RECURSION = YES;
				CLANG_WARN_INT_CONVERSION = YES;
				CLANG_WARN_NON_LITERAL_NULL_CONVERSION = YES;
				CLANG_WARN_OBJC_IMPLICIT_RETAIN_SELF = YES;
				CLANG_WARN_OBJC_LITERAL_CONVERSION = YES;
				CLANG_WARN_OBJC_ROOT_CLASS = YES_ERROR;
				CLANG_WARN_QUOTED_INCLUDE_IN_FRAMEWORK_HEADER = YES;
				CLANG_WARN_RANGE_LOOP_ANALYSIS = YES;
				CLANG_WARN_STRICT_PROTOTYPES = YES;
				CLANG_WARN_SUSPICIOUS_MOVE = YES;
				CLANG_WARN_UNGUARDED_AVAILABILITY = YES_AGGRESSIVE;
				CLANG_WARN_UNREACHABLE_CODE = YES;
				CLANG_WARN__DUPLICATE_METHOD_MATCH = YES;
				COPY_PHASE_STRIP = NO;
				DEBUG_INFORMATION_FORMAT = dwarf;
				ENABLE_STRICT_OBJC_MSGSEND = YES;
				ENABLE_TESTABILITY = YES;
				GCC_C_LANGUAGE_STANDARD = gnu11;
				GCC_DYNAMIC_NO_PIC = NO;
				GCC_NO_COMMON_BLOCKS = YES;
				GCC_OPTIMIZATION_LEVEL = 0;
				GCC_PREPROCESSOR_DEFINITIONS = (
					"DEBUG=1",
					"$(inherited)",
				);
				GCC_WARN_64_TO_32_BIT_CONVERSION = YES;
				GCC_WARN_ABOUT_RETURN_TYPE = YES_ERROR;
				GCC_WARN_UNDECLARED_SELECTOR = YES;
				GCC_WARN_UNINITIALIZED_AUTOS = YES_AGGRESSIVE;
				GCC_WARN_UNUSED_FUNCTION = YES;
				GCC_WARN_UNUSED_VARIABLE = YES;
				IPHONEOS_DEPLOYMENT_TARGET = 16.4;
				MTL_ENABLE_DEBUG_INFO = INCLUDE_SOURCE;
				MTL_FAST_MATH = YES;
				ONLY_ACTIVE_ARCH = YES;
				SDKROOT = iphoneos;
				SWIFT_ACTIVE_COMPILATION_CONDITIONS = DEBUG;
				SWIFT_OPTIMIZATION_LEVEL = "-Onone";
			};
			name = Debug;
		};
		1C7B719B2A8A91B80038DB15 /* Release */ = {
			isa = XCBuildConfiguration;
			buildSettings = {
				ALWAYS_SEARCH_USER_PATHS = NO;
				CLANG_ANALYZER_NONNULL = YES;
				CLANG_ANALYZER_NUMBER_OBJECT_CONVERSION = YES_AGGRESSIVE;
				CLANG_CXX_LANGUAGE_STANDARD = "gnu++20";
				CLANG_ENABLE_MODULES = YES;
				CLANG_ENABLE_OBJC_ARC = YES;
				CLANG_ENABLE_OBJC_WEAK = YES;
				CLANG_WARN_BLOCK_CAPTURE_AUTORELEASING = YES;
				CLANG_WARN_BOOL_CONVERSION = YES;
				CLANG_WARN_COMMA = YES;
				CLANG_WARN_CONSTANT_CONVERSION = YES;
				CLANG_WARN_DEPRECATED_OBJC_IMPLEMENTATIONS = YES;
				CLANG_WARN_DIRECT_OBJC_ISA_USAGE = YES_ERROR;
				CLANG_WARN_DOCUMENTATION_COMMENTS = YES;
				CLANG_WARN_EMPTY_BODY = YES;
				CLANG_WARN_ENUM_CONVERSION = YES;
				CLANG_WARN_INFINITE_RECURSION = YES;
				CLANG_WARN_INT_CONVERSION = YES;
				CLANG_WARN_NON_LITERAL_NULL_CONVERSION = YES;
				CLANG_WARN_OBJC_IMPLICIT_RETAIN_SELF = YES;
				CLANG_WARN_OBJC_LITERAL_CONVERSION = YES;
				CLANG_WARN_OBJC_ROOT_CLASS = YES_ERROR;
				CLANG_WARN_QUOTED_INCLUDE_IN_FRAMEWORK_HEADER = YES;
				CLANG_WARN_RANGE_LOOP_ANALYSIS = YES;
				CLANG_WARN_STRICT_PROTOTYPES = YES;
				CLANG_WARN_SUSPICIOUS_MOVE = YES;
				CLANG_WARN_UNGUARDED_AVAILABILITY = YES_AGGRESSIVE;
				CLANG_WARN_UNREACHABLE_CODE = YES;
				CLANG_WARN__DUPLICATE_METHOD_MATCH = YES;
				COPY_PHASE_STRIP = NO;
				DEBUG_INFORMATION_FORMAT = "dwarf-with-dsym";
				ENABLE_NS_ASSERTIONS = NO;
				ENABLE_STRICT_OBJC_MSGSEND = YES;
				GCC_C_LANGUAGE_STANDARD = gnu11;
				GCC_NO_COMMON_BLOCKS = YES;
				GCC_WARN_64_TO_32_BIT_CONVERSION = YES;
				GCC_WARN_ABOUT_RETURN_TYPE = YES_ERROR;
				GCC_WARN_UNDECLARED_SELECTOR = YES;
				GCC_WARN_UNINITIALIZED_AUTOS = YES_AGGRESSIVE;
				GCC_WARN_UNUSED_FUNCTION = YES;
				GCC_WARN_UNUSED_VARIABLE = YES;
				IPHONEOS_DEPLOYMENT_TARGET = 16.4;
				MTL_ENABLE_DEBUG_INFO = NO;
				MTL_FAST_MATH = YES;
				SDKROOT = iphoneos;
				SWIFT_COMPILATION_MODE = wholemodule;
				SWIFT_OPTIMIZATION_LEVEL = "-O";
				VALIDATE_PRODUCT = YES;
			};
			name = Release;
		};
		1C7B719D2A8A91B80038DB15 /* Debug */ = {
			isa = XCBuildConfiguration;
			buildSettings = {
				ASSETCATALOG_COMPILER_APPICON_NAME = AppIcon;
				ASSETCATALOG_COMPILER_GLOBAL_ACCENT_COLOR_NAME = AccentColor;
				CODE_SIGN_STYLE = Automatic;
				CURRENT_PROJECT_VERSION = 1;
				GENERATE_INFOPLIST_FILE = YES;
				INFOPLIST_FILE = GithubFollowers/Info.plist;
				INFOPLIST_KEY_UIApplicationSupportsIndirectInputEvents = YES;
				INFOPLIST_KEY_UILaunchStoryboardName = LaunchScreen;
				INFOPLIST_KEY_UISupportedInterfaceOrientations = UIInterfaceOrientationPortrait;
				INFOPLIST_KEY_UISupportedInterfaceOrientations_iPad = "UIInterfaceOrientationLandscapeLeft UIInterfaceOrientationLandscapeRight UIInterfaceOrientationPortrait UIInterfaceOrientationPortraitUpsideDown";
				IPHONEOS_DEPLOYMENT_TARGET = 13.2;
				LD_RUNPATH_SEARCH_PATHS = (
					"$(inherited)",
					"@executable_path/Frameworks",
				);
				MARKETING_VERSION = 1.0;
				PRODUCT_BUNDLE_IDENTIFIER = "rohan-patel.GithubFollowers";
				PRODUCT_NAME = "$(TARGET_NAME)";
				SUPPORTED_PLATFORMS = "iphoneos iphonesimulator";
				SUPPORTS_MACCATALYST = NO;
				SUPPORTS_MAC_DESIGNED_FOR_IPHONE_IPAD = YES;
				SWIFT_EMIT_LOC_STRINGS = YES;
				SWIFT_VERSION = 5.0;
				TARGETED_DEVICE_FAMILY = 1;
			};
			name = Debug;
		};
		1C7B719E2A8A91B80038DB15 /* Release */ = {
			isa = XCBuildConfiguration;
			buildSettings = {
				ASSETCATALOG_COMPILER_APPICON_NAME = AppIcon;
				ASSETCATALOG_COMPILER_GLOBAL_ACCENT_COLOR_NAME = AccentColor;
				CODE_SIGN_STYLE = Automatic;
				CURRENT_PROJECT_VERSION = 1;
				GENERATE_INFOPLIST_FILE = YES;
				INFOPLIST_FILE = GithubFollowers/Info.plist;
				INFOPLIST_KEY_UIApplicationSupportsIndirectInputEvents = YES;
				INFOPLIST_KEY_UILaunchStoryboardName = LaunchScreen;
				INFOPLIST_KEY_UISupportedInterfaceOrientations = UIInterfaceOrientationPortrait;
				INFOPLIST_KEY_UISupportedInterfaceOrientations_iPad = "UIInterfaceOrientationLandscapeLeft UIInterfaceOrientationLandscapeRight UIInterfaceOrientationPortrait UIInterfaceOrientationPortraitUpsideDown";
				IPHONEOS_DEPLOYMENT_TARGET = 13.2;
				LD_RUNPATH_SEARCH_PATHS = (
					"$(inherited)",
					"@executable_path/Frameworks",
				);
				MARKETING_VERSION = 1.0;
				PRODUCT_BUNDLE_IDENTIFIER = "rohan-patel.GithubFollowers";
				PRODUCT_NAME = "$(TARGET_NAME)";
				SUPPORTED_PLATFORMS = "iphoneos iphonesimulator";
				SUPPORTS_MACCATALYST = NO;
				SUPPORTS_MAC_DESIGNED_FOR_IPHONE_IPAD = YES;
				SWIFT_EMIT_LOC_STRINGS = YES;
				SWIFT_VERSION = 5.0;
				TARGETED_DEVICE_FAMILY = 1;
			};
			name = Release;
		};
/* End XCBuildConfiguration section */

/* Begin XCConfigurationList section */
		1C7B71832A8A91B70038DB15 /* Build configuration list for PBXProject "GithubFollowers" */ = {
			isa = XCConfigurationList;
			buildConfigurations = (
				1C7B719A2A8A91B80038DB15 /* Debug */,
				1C7B719B2A8A91B80038DB15 /* Release */,
			);
			defaultConfigurationIsVisible = 0;
			defaultConfigurationName = Release;
		};
		1C7B719C2A8A91B80038DB15 /* Build configuration list for PBXNativeTarget "GithubFollowers" */ = {
			isa = XCConfigurationList;
			buildConfigurations = (
				1C7B719D2A8A91B80038DB15 /* Debug */,
				1C7B719E2A8A91B80038DB15 /* Release */,
			);
			defaultConfigurationIsVisible = 0;
			defaultConfigurationName = Release;
		};
/* End XCConfigurationList section */
	};
	rootObject = 1C7B71802A8A91B70038DB15 /* Project object */;
}
